
Microsoft Visual Studio Solution File, Format Version 12.00
# Visual Studio Version 17
VisualStudioVersion = 17.7.34031.279
MinimumVisualStudioVersion = 10.0.40219.1
Project("{8BC9CEB8-8B4A-11D0-8D11-00A0C91BC942}") = "BOJ_1025", "BOJ_1025\BOJ_1025.vcxproj", "{E5C61773-53BD-4D25-A195-44635C888012}"
EndProject
Global
	GlobalSection(SolutionConfigurationPlatforms) = preSolution
		Debug|x64 = Debug|x64
		Release|x64 = Release|x64
	EndGlobalSection
	GlobalSection(ProjectConfigurationPlatforms) = postSolution
		{E5C61773-53BD-4D25-A195-44635C888012}.Debug|x64.ActiveCfg = Debug|x64
		{E5C61773-53BD-4D25-A195-44635C888012}.Debug|x64.Build.0 = Debug|x64
		{E5C61773-53BD-4D25-A195-44635C888012}.Release|x64.ActiveCfg = Release|x64
		{E5C61773-53BD-4D25-A195-44635C888012}.Release|x64.Build.0 = Release|x64
	EndGlobalSection
	GlobalSection(SolutionProperties) = preSolution
		HideSolutionNode = FALSE
	EndGlobalSection
	GlobalSection(ExtensibilityGlobals) = postSolution
		SolutionGuid = {0CF43624-5180-455D-834F-1B8CA5797735}
	EndGlobalSection
EndGlobal
